
Microsoft Visual Studio Solution File, Format Version 12.00
# Visual Studio Version 17
VisualStudioVersion = 17.7.34018.315
MinimumVisualStudioVersion = 10.0.40219.1
Project("{8BC9CEB8-8B4A-11D0-8D11-00A0C91BC942}") = "HomeWorkCPP7.2.1", "HomeWorkCPP7.2.1.vcxproj", "{14396433-B86B-4744-A619-9DB0B199290F}"
EndProject
Global
	GlobalSection(SolutionConfigurationPlatforms) = preSolution
		Debug|x64 = Debug|x64
		Debug|x86 = Debug|x86
		Release|x64 = Release|x64
		Release|x86 = Release|x86
	EndGlobalSection
	GlobalSection(ProjectConfigurationPlatforms) = postSolution
		{14396433-B86B-4744-A619-9DB0B199290F}.Debug|x64.ActiveCfg = Debug|x64
		{14396433-B86B-4744-A619-9DB0B199290F}.Debug|x64.Build.0 = Debug|x64
		{14396433-B86B-4744-A619-9DB0B199290F}.Debug|x86.ActiveCfg = Debug|Win32
		{14396433-B86B-4744-A619-9DB0B199290F}.Debug|x86.Build.0 = Debug|Win32
		{14396433-B86B-4744-A619-9DB0B199290F}.Release|x64.ActiveCfg = Release|x64
		{14396433-B86B-4744-A619-9DB0B199290F}.Release|x64.Build.0 = Release|x64
		{14396433-B86B-4744-A619-9DB0B199290F}.Release|x86.ActiveCfg = Release|Win32
		{14396433-B86B-4744-A619-9DB0B199290F}.Release|x86.Build.0 = Release|Win32
	EndGlobalSection
	GlobalSection(SolutionProperties) = preSolution
		HideSolutionNode = FALSE
	EndGlobalSection
	GlobalSection(ExtensibilityGlobals) = postSolution
		SolutionGuid = {6E9FB35C-51F5-40FF-A2A2-2A02EFBB5DED}
	EndGlobalSection
EndGlobal
